// !$*UTF8*$!
{
	archiveVersion = 1;
	classes = {
	};
	objectVersion = 55;
	objects = {

/* Begin PBXBuildFile section */
		42A75EDC288E3EFC000B600F /* Nano_Challenge_2App.swift in Sources */ = {isa = PBXBuildFile; fileRef = 42A75EDB288E3EFC000B600F /* Nano_Challenge_2App.swift */; };
		42A75EDE288E3EFC000B600F /* ContentView.swift in Sources */ = {isa = PBXBuildFile; fileRef = 42A75EDD288E3EFC000B600F /* ContentView.swift */; };
		42A75EE0288E3EFD000B600F /* Assets.xcassets in Resources */ = {isa = PBXBuildFile; fileRef = 42A75EDF288E3EFD000B600F /* Assets.xcassets */; };
		42A75EE3288E3EFD000B600F /* Preview Assets.xcassets in Resources */ = {isa = PBXBuildFile; fileRef = 42A75EE2288E3EFD000B600F /* Preview Assets.xcassets */; };
		42A75EE5288E3EFD000B600F /* Persistence.swift in Sources */ = {isa = PBXBuildFile; fileRef = 42A75EE4288E3EFD000B600F /* Persistence.swift */; };
		42A75EE8288E3EFD000B600F /* Nano_Challenge_2.xcdatamodeld in Sources */ = {isa = PBXBuildFile; fileRef = 42A75EE6288E3EFD000B600F /* Nano_Challenge_2.xcdatamodeld */; };
		42A75EF1288E4129000B600F /* CloudKit.framework in Frameworks */ = {isa = PBXBuildFile; fileRef = 42A75EF0288E4129000B600F /* CloudKit.framework */; };
		42A75EF5288E4BF5000B600F /* ListView.swift in Sources */ = {isa = PBXBuildFile; fileRef = 42A75EF4288E4BF5000B600F /* ListView.swift */; };
		42A75EF7288E4C16000B600F /* AddView.swift in Sources */ = {isa = PBXBuildFile; fileRef = 42A75EF6288E4C16000B600F /* AddView.swift */; };
		42C294652890EC49008A1276 /* Podfile in Resources */ = {isa = PBXBuildFile; fileRef = 42C294642890EC49008A1276 /* Podfile */; };
		42C29469289167B4008A1276 /* HomeView.swift in Sources */ = {isa = PBXBuildFile; fileRef = 42C29468289167B4008A1276 /* HomeView.swift */; };
		42C2946D28923E7C008A1276 /* NotionViewModel.swift in Sources */ = {isa = PBXBuildFile; fileRef = 42C2946C28923E7C008A1276 /* NotionViewModel.swift */; };
		42C2947128924556008A1276 /* APIHelper.swift in Sources */ = {isa = PBXBuildFile; fileRef = 42C2947028924556008A1276 /* APIHelper.swift */; };
		42C29473289258A9008A1276 /* DataModel.swift in Sources */ = {isa = PBXBuildFile; fileRef = 42C29472289258A9008A1276 /* DataModel.swift */; };
		42E73FAE2892DAB7007FBCB1 /* EditView.swift in Sources */ = {isa = PBXBuildFile; fileRef = 42E73FAD2892DAB7007FBCB1 /* EditView.swift */; };
		EE34444453434FE3A0DD19F5 /* Pods_Nano_Challenge_2.framework in Frameworks */ = {isa = PBXBuildFile; fileRef = AB651992E79312453D894A56 /* Pods_Nano_Challenge_2.framework */; };
/* End PBXBuildFile section */

/* Begin PBXFileReference section */
		2554289F230F0B5D6F043F74 /* Pods-Nano_Challenge_2.release.xcconfig */ = {isa = PBXFileReference; includeInIndex = 1; lastKnownFileType = text.xcconfig; name = "Pods-Nano_Challenge_2.release.xcconfig"; path = "Target Support Files/Pods-Nano_Challenge_2/Pods-Nano_Challenge_2.release.xcconfig"; sourceTree = "<group>"; };
		42A75ED8288E3EFC000B600F /* Nano_Challenge_2.app */ = {isa = PBXFileReference; explicitFileType = wrapper.application; includeInIndex = 0; path = Nano_Challenge_2.app; sourceTree = BUILT_PRODUCTS_DIR; };
		42A75EDB288E3EFC000B600F /* Nano_Challenge_2App.swift */ = {isa = PBXFileReference; lastKnownFileType = sourcecode.swift; path = Nano_Challenge_2App.swift; sourceTree = "<group>"; };
		42A75EDD288E3EFC000B600F /* ContentView.swift */ = {isa = PBXFileReference; lastKnownFileType = sourcecode.swift; path = ContentView.swift; sourceTree = "<group>"; };
		42A75EDF288E3EFD000B600F /* Assets.xcassets */ = {isa = PBXFileReference; lastKnownFileType = folder.assetcatalog; path = Assets.xcassets; sourceTree = "<group>"; };
		42A75EE2288E3EFD000B600F /* Preview Assets.xcassets */ = {isa = PBXFileReference; lastKnownFileType = folder.assetcatalog; path = "Preview Assets.xcassets"; sourceTree = "<group>"; };
		42A75EE4288E3EFD000B600F /* Persistence.swift */ = {isa = PBXFileReference; lastKnownFileType = sourcecode.swift; path = Persistence.swift; sourceTree = "<group>"; };
		42A75EE7288E3EFD000B600F /* Nano_Challenge_2.xcdatamodel */ = {isa = PBXFileReference; lastKnownFileType = wrapper.xcdatamodel; path = Nano_Challenge_2.xcdatamodel; sourceTree = "<group>"; };
		42A75EEE288E4111000B600F /* Nano_Challenge_2.entitlements */ = {isa = PBXFileReference; lastKnownFileType = text.plist.entitlements; path = Nano_Challenge_2.entitlements; sourceTree = "<group>"; };
		42A75EF0288E4129000B600F /* CloudKit.framework */ = {isa = PBXFileReference; lastKnownFileType = wrapper.framework; name = CloudKit.framework; path = System/Library/Frameworks/CloudKit.framework; sourceTree = SDKROOT; };
		42A75EF4288E4BF5000B600F /* ListView.swift */ = {isa = PBXFileReference; lastKnownFileType = sourcecode.swift; path = ListView.swift; sourceTree = "<group>"; };
		42A75EF6288E4C16000B600F /* AddView.swift */ = {isa = PBXFileReference; lastKnownFileType = sourcecode.swift; path = AddView.swift; sourceTree = "<group>"; };
		42C294642890EC49008A1276 /* Podfile */ = {isa = PBXFileReference; fileEncoding = 4; lastKnownFileType = text; path = Podfile; sourceTree = "<group>"; xcLanguageSpecificationIdentifier = xcode.lang.ruby; };
		42C29468289167B4008A1276 /* HomeView.swift */ = {isa = PBXFileReference; lastKnownFileType = sourcecode.swift; path = HomeView.swift; sourceTree = "<group>"; };
		42C2946C28923E7C008A1276 /* NotionViewModel.swift */ = {isa = PBXFileReference; lastKnownFileType = sourcecode.swift; path = NotionViewModel.swift; sourceTree = "<group>"; };
		42C2947028924556008A1276 /* APIHelper.swift */ = {isa = PBXFileReference; lastKnownFileType = sourcecode.swift; path = APIHelper.swift; sourceTree = "<group>"; };
		42C29472289258A9008A1276 /* DataModel.swift */ = {isa = PBXFileReference; lastKnownFileType = sourcecode.swift; path = DataModel.swift; sourceTree = "<group>"; };
		42E73FAD2892DAB7007FBCB1 /* EditView.swift */ = {isa = PBXFileReference; lastKnownFileType = sourcecode.swift; path = EditView.swift; sourceTree = "<group>"; };
		58A0DF98C7FB6DE20D4FD3CA /* Pods-Nano_Challenge_2.debug.xcconfig */ = {isa = PBXFileReference; includeInIndex = 1; lastKnownFileType = text.xcconfig; name = "Pods-Nano_Challenge_2.debug.xcconfig"; path = "Target Support Files/Pods-Nano_Challenge_2/Pods-Nano_Challenge_2.debug.xcconfig"; sourceTree = "<group>"; };
		AB651992E79312453D894A56 /* Pods_Nano_Challenge_2.framework */ = {isa = PBXFileReference; explicitFileType = wrapper.framework; includeInIndex = 0; path = Pods_Nano_Challenge_2.framework; sourceTree = BUILT_PRODUCTS_DIR; };
/* End PBXFileReference section */

/* Begin PBXFrameworksBuildPhase section */
		42A75ED5288E3EFC000B600F /* Frameworks */ = {
			isa = PBXFrameworksBuildPhase;
			buildActionMask = 2147483647;
			files = (
				42A75EF1288E4129000B600F /* CloudKit.framework in Frameworks */,
				EE34444453434FE3A0DD19F5 /* Pods_Nano_Challenge_2.framework in Frameworks */,
			);
			runOnlyForDeploymentPostprocessing = 0;
		};
/* End PBXFrameworksBuildPhase section */

/* Begin PBXGroup section */
		2E6550E9874A02A458960C19 /* Pods */ = {
			isa = PBXGroup;
			children = (
				58A0DF98C7FB6DE20D4FD3CA /* Pods-Nano_Challenge_2.debug.xcconfig */,
				2554289F230F0B5D6F043F74 /* Pods-Nano_Challenge_2.release.xcconfig */,
			);
			path = Pods;
			sourceTree = "<group>";
		};
		42A75ECF288E3EFC000B600F = {
			isa = PBXGroup;
			children = (
				42A75EDA288E3EFC000B600F /* Nano_Challenge_2 */,
				42C294642890EC49008A1276 /* Podfile */,
				42A75ED9288E3EFC000B600F /* Products */,
				42A75EEF288E4129000B600F /* Frameworks */,
				2E6550E9874A02A458960C19 /* Pods */,
			);
			sourceTree = "<group>";
		};
		42A75ED9288E3EFC000B600F /* Products */ = {
			isa = PBXGroup;
			children = (
				42A75ED8288E3EFC000B600F /* Nano_Challenge_2.app */,
			);
			name = Products;
			sourceTree = "<group>";
		};
		42A75EDA288E3EFC000B600F /* Nano_Challenge_2 */ = {
			isa = PBXGroup;
			children = (
				42A75EEE288E4111000B600F /* Nano_Challenge_2.entitlements */,
				42A75EDB288E3EFC000B600F /* Nano_Challenge_2App.swift */,
				42C2946F289243C0008A1276 /* ViewModel */,
				42C2946E289243B5008A1276 /* View */,
				42A75EDF288E3EFD000B600F /* Assets.xcassets */,
				42A75EE4288E3EFD000B600F /* Persistence.swift */,
				42C2947028924556008A1276 /* APIHelper.swift */,
				42A75EE6288E3EFD000B600F /* Nano_Challenge_2.xcdatamodeld */,
				42A75EE1288E3EFD000B600F /* Preview Content */,
			);
			path = Nano_Challenge_2;
			sourceTree = "<group>";
		};
		42A75EE1288E3EFD000B600F /* Preview Content */ = {
			isa = PBXGroup;
			children = (
				42A75EE2288E3EFD000B600F /* Preview Assets.xcassets */,
			);
			path = "Preview Content";
			sourceTree = "<group>";
		};
		42A75EEF288E4129000B600F /* Frameworks */ = {
			isa = PBXGroup;
			children = (
				42A75EF0288E4129000B600F /* CloudKit.framework */,
				AB651992E79312453D894A56 /* Pods_Nano_Challenge_2.framework */,
			);
			name = Frameworks;
			sourceTree = "<group>";
		};
		42C2946E289243B5008A1276 /* View */ = {
			isa = PBXGroup;
			children = (
				42C29468289167B4008A1276 /* HomeView.swift */,
				42A75EF4288E4BF5000B600F /* ListView.swift */,
				42A75EF6288E4C16000B600F /* AddView.swift */,
				42E73FAD2892DAB7007FBCB1 /* EditView.swift */,
				42A75EDD288E3EFC000B600F /* ContentView.swift */,
			);
			path = View;
			sourceTree = "<group>";
		};
		42C2946F289243C0008A1276 /* ViewModel */ = {
			isa = PBXGroup;
			children = (
				42C2946C28923E7C008A1276 /* NotionViewModel.swift */,
				42C29472289258A9008A1276 /* DataModel.swift */,
			);
			path = ViewModel;
			sourceTree = "<group>";
		};
/* End PBXGroup section */

/* Begin PBXNativeTarget section */
		42A75ED7288E3EFC000B600F /* Nano_Challenge_2 */ = {
			isa = PBXNativeTarget;
			buildConfigurationList = 42A75EEB288E3EFD000B600F /* Build configuration list for PBXNativeTarget "Nano_Challenge_2" */;
			buildPhases = (
				DC2BDD42202F02ACD3A16986 /* [CP] Check Pods Manifest.lock */,
				42A75ED4288E3EFC000B600F /* Sources */,
				42A75ED5288E3EFC000B600F /* Frameworks */,
				42A75ED6288E3EFC000B600F /* Resources */,
				18EA197488315A0C461F7274 /* [CP] Embed Pods Frameworks */,
			);
			buildRules = (
			);
			dependencies = (
			);
			name = Nano_Challenge_2;
			productName = Nano_Challenge_2;
			productReference = 42A75ED8288E3EFC000B600F /* Nano_Challenge_2.app */;
			productType = "com.apple.product-type.application";
		};
/* End PBXNativeTarget section */

/* Begin PBXProject section */
		42A75ED0288E3EFC000B600F /* Project object */ = {
			isa = PBXProject;
			attributes = {
				BuildIndependentTargetsInParallel = 1;
				LastSwiftUpdateCheck = 1330;
				LastUpgradeCheck = 1330;
				TargetAttributes = {
					42A75ED7288E3EFC000B600F = {
						CreatedOnToolsVersion = 13.3;
					};
				};
			};
			buildConfigurationList = 42A75ED3288E3EFC000B600F /* Build configuration list for PBXProject "Nano_Challenge_2" */;
			compatibilityVersion = "Xcode 13.0";
			developmentRegion = en;
			hasScannedForEncodings = 0;
			knownRegions = (
				en,
				Base,
			);
			mainGroup = 42A75ECF288E3EFC000B600F;
			productRefGroup = 42A75ED9288E3EFC000B600F /* Products */;
			projectDirPath = "";
			projectRoot = "";
			targets = (
				42A75ED7288E3EFC000B600F /* Nano_Challenge_2 */,
			);
		};
/* End PBXProject section */

/* Begin PBXResourcesBuildPhase section */
		42A75ED6288E3EFC000B600F /* Resources */ = {
			isa = PBXResourcesBuildPhase;
			buildActionMask = 2147483647;
			files = (
				42C294652890EC49008A1276 /* Podfile in Resources */,
				42A75EE3288E3EFD000B600F /* Preview Assets.xcassets in Resources */,
				42A75EE0288E3EFD000B600F /* Assets.xcassets in Resources */,
			);
			runOnlyForDeploymentPostprocessing = 0;
		};
/* End PBXResourcesBuildPhase section */

/* Begin PBXShellScriptBuildPhase section */
		18EA197488315A0C461F7274 /* [CP] Embed Pods Frameworks */ = {
			isa = PBXShellScriptBuildPhase;
			buildActionMask = 2147483647;
			files = (
			);
			inputFileListPaths = (
				"${PODS_ROOT}/Target Support Files/Pods-Nano_Challenge_2/Pods-Nano_Challenge_2-frameworks-${CONFIGURATION}-input-files.xcfilelist",
			);
			name = "[CP] Embed Pods Frameworks";
			outputFileListPaths = (
				"${PODS_ROOT}/Target Support Files/Pods-Nano_Challenge_2/Pods-Nano_Challenge_2-frameworks-${CONFIGURATION}-output-files.xcfilelist",
			);
			runOnlyForDeploymentPostprocessing = 0;
			shellPath = /bin/sh;
			shellScript = "\"${PODS_ROOT}/Target Support Files/Pods-Nano_Challenge_2/Pods-Nano_Challenge_2-frameworks.sh\"\n";
			showEnvVarsInLog = 0;
		};
		DC2BDD42202F02ACD3A16986 /* [CP] Check Pods Manifest.lock */ = {
			isa = PBXShellScriptBuildPhase;
			buildActionMask = 2147483647;
			files = (
			);
			inputFileListPaths = (
			);
			inputPaths = (
				"${PODS_PODFILE_DIR_PATH}/Podfile.lock",
				"${PODS_ROOT}/Manifest.lock",
			);
			name = "[CP] Check Pods Manifest.lock";
			outputFileListPaths = (
			);
			outputPaths = (
				"$(DERIVED_FILE_DIR)/Pods-Nano_Challenge_2-checkManifestLockResult.txt",
			);
			runOnlyForDeploymentPostprocessing = 0;
			shellPath = /bin/sh;
			shellScript = "diff \"${PODS_PODFILE_DIR_PATH}/Podfile.lock\" \"${PODS_ROOT}/Manifest.lock\" > /dev/null\nif [ $? != 0 ] ; then\n    # print error to STDERR\n    echo \"error: The sandbox is not in sync with the Podfile.lock. Run 'pod install' or update your CocoaPods installation.\" >&2\n    exit 1\nfi\n# This output is used by Xcode 'outputs' to avoid re-running this script phase.\necho \"SUCCESS\" > \"${SCRIPT_OUTPUT_FILE_0}\"\n";
			showEnvVarsInLog = 0;
		};
/* End PBXShellScriptBuildPhase section */

/* Begin PBXSourcesBuildPhase section */
		42A75ED4288E3EFC000B600F /* Sources */ = {
			isa = PBXSourcesBuildPhase;
			buildActionMask = 2147483647;
			files = (
				42C2947128924556008A1276 /* APIHelper.swift in Sources */,
				42A75EE8288E3EFD000B600F /* Nano_Challenge_2.xcdatamodeld in Sources */,
				42E73FAE2892DAB7007FBCB1 /* EditView.swift in Sources */,
				42C2946D28923E7C008A1276 /* NotionViewModel.swift in Sources */,
				42A75EE5288E3EFD000B600F /* Persistence.swift in Sources */,
				42A75EF7288E4C16000B600F /* AddView.swift in Sources */,
				42C29473289258A9008A1276 /* DataModel.swift in Sources */,
				42A75EF5288E4BF5000B600F /* ListView.swift in Sources */,
				42C29469289167B4008A1276 /* HomeView.swift in Sources */,
				42A75EDE288E3EFC000B600F /* ContentView.swift in Sources */,
				42A75EDC288E3EFC000B600F /* Nano_Challenge_2App.swift in Sources */,
			);
			runOnlyForDeploymentPostprocessing = 0;
		};
/* End PBXSourcesBuildPhase section */

/* Begin XCBuildConfiguration section */
		42A75EE9288E3EFD000B600F /* Debug */ = {
			isa = XCBuildConfiguration;
			buildSettings = {
				ALWAYS_SEARCH_USER_PATHS = NO;
				CLANG_ANALYZER_NONNULL = YES;
				CLANG_ANALYZER_NUMBER_OBJECT_CONVERSION = YES_AGGRESSIVE;
				CLANG_CXX_LANGUAGE_STANDARD = "gnu++17";
				CLANG_ENABLE_MODULES = YES;
				CLANG_ENABLE_OBJC_ARC = YES;
				CLANG_ENABLE_OBJC_WEAK = YES;
				CLANG_WARN_BLOCK_CAPTURE_AUTORELEASING = YES;
				CLANG_WARN_BOOL_CONVERSION = YES;
				CLANG_WARN_COMMA = YES;
				CLANG_WARN_CONSTANT_CONVERSION = YES;
				CLANG_WARN_DEPRECATED_OBJC_IMPLEMENTATIONS = YES;
				CLANG_WARN_DIRECT_OBJC_ISA_USAGE = YES_ERROR;
				CLANG_WARN_DOCUMENTATION_COMMENTS = YES;
				CLANG_WARN_EMPTY_BODY = YES;
				CLANG_WARN_ENUM_CONVERSION = YES;
				CLANG_WARN_INFINITE_RECURSION = YES;
				CLANG_WARN_INT_CONVERSION = YES;
				CLANG_WARN_NON_LITERAL_NULL_CONVERSION = YES;
				CLANG_WARN_OBJC_IMPLICIT_RETAIN_SELF = YES;
				CLANG_WARN_OBJC_LITERAL_CONVERSION = YES;
				CLANG_WARN_OBJC_ROOT_CLASS = YES_ERROR;
				CLANG_WARN_QUOTED_INCLUDE_IN_FRAMEWORK_HEADER = YES;
				CLANG_WARN_RANGE_LOOP_ANALYSIS = YES;
				CLANG_WARN_STRICT_PROTOTYPES = YES;
				CLANG_WARN_SUSPICIOUS_MOVE = YES;
				CLANG_WARN_UNGUARDED_AVAILABILITY = YES_AGGRESSIVE;
				CLANG_WARN_UNREACHABLE_CODE = YES;
				CLANG_WARN__DUPLICATE_METHOD_MATCH = YES;
				COPY_PHASE_STRIP = NO;
				DEBUG_INFORMATION_FORMAT = dwarf;
				ENABLE_STRICT_OBJC_MSGSEND = YES;
				ENABLE_TESTABILITY = YES;
				GCC_C_LANGUAGE_STANDARD = gnu11;
				GCC_DYNAMIC_NO_PIC = NO;
				GCC_NO_COMMON_BLOCKS = YES;
				GCC_OPTIMIZATION_LEVEL = 0;
				GCC_PREPROCESSOR_DEFINITIONS = (
					"DEBUG=1",
					"$(inherited)",
				);
				GCC_WARN_64_TO_32_BIT_CONVERSION = YES;
				GCC_WARN_ABOUT_RETURN_TYPE = YES_ERROR;
				GCC_WARN_UNDECLARED_SELECTOR = YES;
				GCC_WARN_UNINITIALIZED_AUTOS = YES_AGGRESSIVE;
				GCC_WARN_UNUSED_FUNCTION = YES;
				GCC_WARN_UNUSED_VARIABLE = YES;
				IPHONEOS_DEPLOYMENT_TARGET = 15.4;
				MTL_ENABLE_DEBUG_INFO = INCLUDE_SOURCE;
				MTL_FAST_MATH = YES;
				ONLY_ACTIVE_ARCH = YES;
				SDKROOT = iphoneos;
				SWIFT_ACTIVE_COMPILATION_CONDITIONS = DEBUG;
				SWIFT_OPTIMIZATION_LEVEL = "-Onone";
			};
			name = Debug;
		};
		42A75EEA288E3EFD000B600F /* Release */ = {
			isa = XCBuildConfiguration;
			buildSettings = {
				ALWAYS_SEARCH_USER_PATHS = NO;
				CLANG_ANALYZER_NONNULL = YES;
				CLANG_ANALYZER_NUMBER_OBJECT_CONVERSION = YES_AGGRESSIVE;
				CLANG_CXX_LANGUAGE_STANDARD = "gnu++17";
				CLANG_ENABLE_MODULES = YES;
				CLANG_ENABLE_OBJC_ARC = YES;
				CLANG_ENABLE_OBJC_WEAK = YES;
				CLANG_WARN_BLOCK_CAPTURE_AUTORELEASING = YES;
				CLANG_WARN_BOOL_CONVERSION = YES;
				CLANG_WARN_COMMA = YES;
				CLANG_WARN_CONSTANT_CONVERSION = YES;
				CLANG_WARN_DEPRECATED_OBJC_IMPLEMENTATIONS = YES;
				CLANG_WARN_DIRECT_OBJC_ISA_USAGE = YES_ERROR;
				CLANG_WARN_DOCUMENTATION_COMMENTS = YES;
				CLANG_WARN_EMPTY_BODY = YES;
				CLANG_WARN_ENUM_CONVERSION = YES;
				CLANG_WARN_INFINITE_RECURSION = YES;
				CLANG_WARN_INT_CONVERSION = YES;
				CLANG_WARN_NON_LITERAL_NULL_CONVERSION = YES;
				CLANG_WARN_OBJC_IMPLICIT_RETAIN_SELF = YES;
				CLANG_WARN_OBJC_LITERAL_CONVERSION = YES;
				CLANG_WARN_OBJC_ROOT_CLASS = YES_ERROR;
				CLANG_WARN_QUOTED_INCLUDE_IN_FRAMEWORK_HEADER = YES;
				CLANG_WARN_RANGE_LOOP_ANALYSIS = YES;
				CLANG_WARN_STRICT_PROTOTYPES = YES;
				CLANG_WARN_SUSPICIOUS_MOVE = YES;
				CLANG_WARN_UNGUARDED_AVAILABILITY = YES_AGGRESSIVE;
				CLANG_WARN_UNREACHABLE_CODE = YES;
				CLANG_WARN__DUPLICATE_METHOD_MATCH = YES;
				COPY_PHASE_STRIP = NO;
				DEBUG_INFORMATION_FORMAT = "dwarf-with-dsym";
				ENABLE_NS_ASSERTIONS = NO;
				ENABLE_STRICT_OBJC_MSGSEND = YES;
				GCC_C_LANGUAGE_STANDARD = gnu11;
				GCC_NO_COMMON_BLOCKS = YES;
				GCC_WARN_64_TO_32_BIT_CONVERSION = YES;
				GCC_WARN_ABOUT_RETURN_TYPE = YES_ERROR;
				GCC_WARN_UNDECLARED_SELECTOR = YES;
				GCC_WARN_UNINITIALIZED_AUTOS = YES_AGGRESSIVE;
				GCC_WARN_UNUSED_FUNCTION = YES;
				GCC_WARN_UNUSED_VARIABLE = YES;
				IPHONEOS_DEPLOYMENT_TARGET = 15.4;
				MTL_ENABLE_DEBUG_INFO = NO;
				MTL_FAST_MATH = YES;
				SDKROOT = iphoneos;
				SWIFT_COMPILATION_MODE = wholemodule;
				SWIFT_OPTIMIZATION_LEVEL = "-O";
				VALIDATE_PRODUCT = YES;
			};
			name = Release;
		};
		42A75EEC288E3EFD000B600F /* Debug */ = {
			isa = XCBuildConfiguration;
			baseConfigurationReference = 58A0DF98C7FB6DE20D4FD3CA /* Pods-Nano_Challenge_2.debug.xcconfig */;
			buildSettings = {
				ASSETCATALOG_COMPILER_APPICON_NAME = AppIcon;
				ASSETCATALOG_COMPILER_GLOBAL_ACCENT_COLOR_NAME = AccentColor;
				CODE_SIGN_ENTITLEMENTS = Nano_Challenge_2/Nano_Challenge_2.entitlements;
				CODE_SIGN_STYLE = Automatic;
				CURRENT_PROJECT_VERSION = 1;
				DEVELOPMENT_ASSET_PATHS = "\"Nano_Challenge_2/Preview Content\"";
				DEVELOPMENT_TEAM = KJUW4SG84H;
				ENABLE_PREVIEWS = YES;
				GENERATE_INFOPLIST_FILE = YES;
				INFOPLIST_KEY_UIApplicationSceneManifest_Generation = YES;
				INFOPLIST_KEY_UIApplicationSupportsIndirectInputEvents = YES;
				INFOPLIST_KEY_UILaunchScreen_Generation = YES;
				INFOPLIST_KEY_UISupportedInterfaceOrientations_iPad = "UIInterfaceOrientationPortrait UIInterfaceOrientationPortraitUpsideDown UIInterfaceOrientationLandscapeLeft UIInterfaceOrientationLandscapeRight";
				INFOPLIST_KEY_UISupportedInterfaceOrientations_iPhone = "UIInterfaceOrientationPortrait UIInterfaceOrientationLandscapeLeft UIInterfaceOrientationLandscapeRight";
				LD_RUNPATH_SEARCH_PATHS = (
					"$(inherited)",
					"@executable_path/Frameworks",
				);
				MARKETING_VERSION = 1.0;
				PRODUCT_BUNDLE_IDENTIFIER = "com.wildanbudi.Nano-Challenge-2";
				PRODUCT_NAME = "$(TARGET_NAME)";
				SWIFT_EMIT_LOC_STRINGS = YES;
				SWIFT_VERSION = 5.0;
				TARGETED_DEVICE_FAMILY = "1,2";
			};
			name = Debug;
		};
		42A75EED288E3EFD000B600F /* Release */ = {
			isa = XCBuildConfiguration;
			baseConfigurationReference = 2554289F230F0B5D6F043F74 /* Pods-Nano_Challenge_2.release.xcconfig */;
			buildSettings = {
				ASSETCATALOG_COMPILER_APPICON_NAME = AppIcon;
				ASSETCATALOG_COMPILER_GLOBAL_ACCENT_COLOR_NAME = AccentColor;
				CODE_SIGN_ENTITLEMENTS = Nano_Challenge_2/Nano_Challenge_2.entitlements;
				CODE_SIGN_STYLE = Automatic;
				CURRENT_PROJECT_VERSION = 1;
				DEVELOPMENT_ASSET_PATHS = "\"Nano_Challenge_2/Preview Content\"";
				DEVELOPMENT_TEAM = KJUW4SG84H;
				ENABLE_PREVIEWS = YES;
				GENERATE_INFOPLIST_FILE = YES;
				INFOPLIST_KEY_UIApplicationSceneManifest_Generation = YES;
				INFOPLIST_KEY_UIApplicationSupportsIndirectInputEvents = YES;
				INFOPLIST_KEY_UILaunchScreen_Generation = YES;
				INFOPLIST_KEY_UISupportedInterfaceOrientations_iPad = "UIInterfaceOrientationPortrait UIInterfaceOrientationPortraitUpsideDown UIInterfaceOrientationLandscapeLeft UIInterfaceOrientationLandscapeRight";
				INFOPLIST_KEY_UISupportedInterfaceOrientations_iPhone = "UIInterfaceOrientationPortrait UIInterfaceOrientationLandscapeLeft UIInterfaceOrientationLandscapeRight";
				LD_RUNPATH_SEARCH_PATHS = (
					"$(inherited)",
					"@executable_path/Frameworks",
				);
				MARKETING_VERSION = 1.0;
				PRODUCT_BUNDLE_IDENTIFIER = "com.wildanbudi.Nano-Challenge-2";
				PRODUCT_NAME = "$(TARGET_NAME)";
				SWIFT_EMIT_LOC_STRINGS = YES;
				SWIFT_VERSION = 5.0;
				TARGETED_DEVICE_FAMILY = "1,2";
			};
			name = Release;
		};
/* End XCBuildConfiguration section */

/* Begin XCConfigurationList section */
		42A75ED3288E3EFC000B600F /* Build configuration list for PBXProject "Nano_Challenge_2" */ = {
			isa = XCConfigurationList;
			buildConfigurations = (
				42A75EE9288E3EFD000B600F /* Debug */,
				42A75EEA288E3EFD000B600F /* Release */,
			);
			defaultConfigurationIsVisible = 0;
			defaultConfigurationName = Release;
		};
		42A75EEB288E3EFD000B600F /* Build configuration list for PBXNativeTarget "Nano_Challenge_2" */ = {
			isa = XCConfigurationList;
			buildConfigurations = (
				42A75EEC288E3EFD000B600F /* Debug */,
				42A75EED288E3EFD000B600F /* Release */,
			);
			defaultConfigurationIsVisible = 0;
			defaultConfigurationName = Release;
		};
/* End XCConfigurationList section */

/* Begin XCVersionGroup section */
		42A75EE6288E3EFD000B600F /* Nano_Challenge_2.xcdatamodeld */ = {
			isa = XCVersionGroup;
			children = (
				42A75EE7288E3EFD000B600F /* Nano_Challenge_2.xcdatamodel */,
			);
			currentVersion = 42A75EE7288E3EFD000B600F /* Nano_Challenge_2.xcdatamodel */;
			path = Nano_Challenge_2.xcdatamodeld;
			sourceTree = "<group>";
			versionGroupType = wrapper.xcdatamodel;
		};
/* End XCVersionGroup section */
	};
	rootObject = 42A75ED0288E3EFC000B600F /* Project object */;
}
